{
  "version": 4,
  "terraform_version": "1.12.2",
  "serial": 30,
  "lineage": "5e3733cc-709a-b0cc-6b53-6c140e5392d5",
  "outputs": {},
  "resources": [
    {
      "mode": "data",
      "type": "archive_file",
      "name": "source_zip",
      "provider": "provider[\"registry.terraform.io/hashicorp/archive\"]",
      "instances": [
        {
          "schema_version": 0,
          "attributes": {
            "exclude_symlink_directories": null,
            "excludes": null,
            "id": "107c178fac8bcf7944333be8d3fdcd4fdd348f3e",
            "output_base64sha256": "MPeI6aG/aNOEnGYPFRglrY3dRWrd66vk5TFhHf+lI70=",
            "output_base64sha512": "lOA4VgP4O9z7U+rzI5O7G6Fbf7d8AYLQohY0+GfmdIo3Cz/RM6pMaS9yhr60Uo+UUubOv8Fcbh7RY5WuuvNFcQ==",
            "output_file_mode": null,
            "output_md5": "6491cc244532e9d5a2d9ce086b30ddee",
            "output_path": "./source.zip",
            "output_sha": "107c178fac8bcf7944333be8d3fdcd4fdd348f3e",
            "output_sha256": "30f788e9a1bf68d3849c660f151825ad8ddd456addebabe4e531611dffa523bd",
            "output_sha512": "94e0385603f83bdcfb53eaf32393bb1ba15b7fb77c0182d0a21634f867e6748a370b3fd133aa4c692f7286beb4528f9452e6cebfc15c6e1ed16395aebaf34571",
            "output_size": 54926278,
            "source": [],
            "source_content": null,
            "source_content_filename": null,
            "source_dir": "../backend",
            "source_file": null,
            "type": "zip"
          },
          "sensitive_attributes": [],
          "identity_schema_version": 0
        }
      ]
    },
    {
      "mode": "data",
      "type": "google_project",
      "name": "project",
      "provider": "provider[\"registry.terraform.io/hashicorp/google\"]",
      "instances": [
        {
          "schema_version": 0,
          "attributes": {
            "auto_create_network": null,
            "billing_account": "01A750-698476-C57A0E",
            "deletion_policy": "PREVENT",
            "effective_labels": {},
            "folder_id": null,
            "id": "projects/aispipeline",
            "labels": {},
            "name": "aispipeline",
            "number": "330276584509",
            "org_id": null,
            "project_id": "aispipeline",
            "tags": null,
            "terraform_labels": {}
          },
          "sensitive_attributes": [],
          "identity_schema_version": 0
        }
      ]
    },
    {
      "mode": "managed",
      "type": "google_bigquery_dataset",
      "name": "ais_gold_warehouse",
      "provider": "provider[\"registry.terraform.io/hashicorp/google\"]",
      "instances": [
        {
          "schema_version": 0,
          "attributes": {
            "access": [
              {
                "dataset": [],
                "domain": "",
                "group_by_email": "",
                "iam_member": "",
                "role": "OWNER",
                "routine": [],
                "special_group": "",
                "user_by_email": "xandersreid@gmail.com",
                "view": []
              },
              {
                "dataset": [],
                "domain": "",
                "group_by_email": "",
                "iam_member": "",
                "role": "OWNER",
                "routine": [],
                "special_group": "projectOwners",
                "user_by_email": "",
                "view": []
              },
              {
                "dataset": [],
                "domain": "",
                "group_by_email": "",
                "iam_member": "",
                "role": "READER",
                "routine": [],
                "special_group": "projectReaders",
                "user_by_email": "",
                "view": []
              },
              {
                "dataset": [],
                "domain": "",
                "group_by_email": "",
                "iam_member": "",
                "role": "WRITER",
                "routine": [],
                "special_group": "projectWriters",
                "user_by_email": "",
                "view": []
              }
            ],
            "creation_time": 1750018532925,
            "dataset_id": "ais_gold_warehouse_01",
            "default_collation": "",
            "default_encryption_configuration": [],
            "default_partition_expiration_ms": 0,
            "default_table_expiration_ms": 0,
            "delete_contents_on_destroy": true,
            "description": "",
            "effective_labels": {
              "goog-terraform-provisioned": "true"
            },
            "etag": "8Z4Y7xSMi6sZ7Se2ddqVSg==",
            "external_dataset_reference": [],
            "friendly_name": "AIS Gold Layer Data Warehouse",
            "id": "projects/aispipeline/datasets/ais_gold_warehouse_01",
            "is_case_insensitive": false,
            "labels": {},
            "last_modified_time": 1750018532925,
            "location": "us-east1",
            "max_time_travel_hours": "168",
            "project": "aispipeline",
            "resource_tags": {},
            "self_link": "https://bigquery.googleapis.com/bigquery/v2/projects/aispipeline/datasets/ais_gold_warehouse_01",
            "storage_billing_model": "",
            "terraform_labels": {
              "goog-terraform-provisioned": "true"
            },
            "timeouts": null
          },
          "sensitive_attributes": [],
          "identity_schema_version": 0,
          "private": "eyJlMmJmYjczMC1lY2FhLTExZTYtOGY4OC0zNDM2M2JjN2M0YzAiOnsiY3JlYXRlIjoxMjAwMDAwMDAwMDAwLCJkZWxldGUiOjEyMDAwMDAwMDAwMDAsInVwZGF0ZSI6MTIwMDAwMDAwMDAwMH19"
        }
      ]
    },
    {
      "mode": "managed",
      "type": "google_bigquery_table",
      "name": "ais_obt",
      "provider": "provider[\"registry.terraform.io/hashicorp/google\"]",
      "instances": [
        {
          "schema_version": 0,
          "attributes": {
            "biglake_configuration": [],
            "clustering": [
              "MMSI"
            ],
            "creation_time": 1750020135490,
            "dataset_id": "ais_gold_warehouse_01",
            "deletion_protection": true,
            "description": "",
            "effective_labels": {
              "goog-terraform-provisioned": "true"
            },
            "encryption_configuration": [],
            "etag": "sX2d54sP3jKCxxb01JQh+w==",
            "expiration_time": 0,
            "external_data_configuration": [],
            "friendly_name": "",
            "id": "projects/aispipeline/datasets/ais_gold_warehouse_01/tables/ships_2025",
            "labels": {},
            "last_modified_time": 1750020135532,
            "location": "us-east1",
            "materialized_view": [],
            "max_staleness": "",
            "num_bytes": 0,
            "num_long_term_bytes": 0,
            "num_rows": 0,
            "project": "aispipeline",
            "range_partitioning": [],
            "require_partition_filter": false,
            "resource_tags": {},
            "schema": "[{\"name\":\"timestamp\",\"type\":\"TIMESTAMP\"},{\"name\":\"type_of_mobile\",\"type\":\"STRING\"},{\"name\":\"mmsi\",\"type\":\"INTEGER\"},{\"name\":\"latitude\",\"type\":\"FLOAT\"},{\"name\":\"longitude\",\"type\":\"FLOAT\"},{\"name\":\"navigational_status\",\"type\":\"STRING\"},{\"name\":\"rot\",\"type\":\"FLOAT\"},{\"name\":\"sog\",\"type\":\"FLOAT\"},{\"name\":\"cog\",\"type\":\"FLOAT\"},{\"name\":\"heading\",\"type\":\"FLOAT\"},{\"name\":\"imo\",\"type\":\"INTEGER\"},{\"name\":\"callsign\",\"type\":\"STRING\"},{\"name\":\"name\",\"type\":\"STRING\"},{\"name\":\"ship_type\",\"type\":\"STRING\"},{\"name\":\"cargo_type\",\"type\":\"STRING\"},{\"name\":\"width\",\"type\":\"FLOAT\"},{\"name\":\"length\",\"type\":\"FLOAT\"},{\"name\":\"type_of_position_fixing_device\",\"type\":\"STRING\"},{\"name\":\"draught\",\"type\":\"FLOAT\"},{\"name\":\"destination\",\"type\":\"STRING\"},{\"name\":\"eta\",\"type\":\"STRING\"},{\"name\":\"data_source_type\",\"type\":\"STRING\"},{\"name\":\"size_a\",\"type\":\"FLOAT\"},{\"name\":\"size_b\",\"type\":\"FLOAT\"},{\"name\":\"size_c\",\"type\":\"FLOAT\"},{\"name\":\"size_d\",\"type\":\"FLOAT\"}]",
            "self_link": "https://bigquery.googleapis.com/bigquery/v2/projects/aispipeline/datasets/ais_gold_warehouse_01/tables/ships_2025",
            "table_constraints": [],
            "table_id": "ships_2025",
            "table_replication_info": [],
            "terraform_labels": {
              "goog-terraform-provisioned": "true"
            },
            "time_partitioning": [
              {
                "expiration_ms": 0,
                "field": "Timestamp",
                "require_partition_filter": false,
                "type": "DAY"
              }
            ],
            "type": "TABLE",
            "view": []
          },
          "sensitive_attributes": [],
          "identity_schema_version": 0,
          "private": "bnVsbA==",
          "dependencies": [
            "google_bigquery_dataset.ais_gold_warehouse"
          ]
        }
      ]
    },
    {
      "mode": "managed",
      "type": "google_cloudfunctions2_function",
      "name": "process_ais_data",
      "provider": "provider[\"registry.terraform.io/hashicorp/google\"]",
      "instances": [
        {
          "status": "tainted",
          "schema_version": 0,
          "attributes": {
            "build_config": [
              {
                "automatic_update_policy": [],
                "build": "",
                "docker_repository": "",
                "entry_point": "process_ais_csvs",
                "environment_variables": {},
                "on_deploy_update_policy": [],
                "runtime": "python311",
                "service_account": "",
                "source": [
                  {
                    "repo_source": [],
                    "storage_source": [
                      {
                        "bucket": "ais_bronze_layer_01",
                        "generation": 0,
                        "object": "source-code.zip"
                      }
                    ]
                  }
                ],
                "worker_pool": ""
              }
            ],
            "description": null,
            "effective_labels": {
              "goog-terraform-provisioned": "true"
            },
            "environment": null,
            "event_trigger": [],
            "id": "projects/aispipeline/locations/us-east1/functions/process_ais_data",
            "kms_key_name": null,
            "labels": null,
            "location": "us-east1",
            "name": "process_ais_data",
            "project": "aispipeline",
            "service_config": [
              {
                "all_traffic_on_latest_revision": true,
                "available_cpu": "",
                "available_memory": "512Mi",
                "environment_variables": {
                  "BQ_DATASET_ID": "ais_gold_warehouse_01",
                  "BQ_TABLE_ID": "ships_2025",
                  "GCP_BUCKET_NAME": "ais_bronze_layer_01",
                  "GCP_PROJECT_ID": "aispipeline"
                },
                "gcf_uri": "",
                "ingress_settings": "ALLOW_ALL",
                "max_instance_count": 0,
                "max_instance_request_concurrency": 0,
                "min_instance_count": 0,
                "secret_environment_variables": [],
                "secret_volumes": [],
                "service": "",
                "service_account_email": "",
                "timeout_seconds": 540,
                "uri": "",
                "vpc_connector": "",
                "vpc_connector_egress_settings": ""
              }
            ],
            "state": null,
            "terraform_labels": {
              "goog-terraform-provisioned": "true"
            },
            "timeouts": null,
            "update_time": null,
            "url": null
          },
          "sensitive_attributes": [],
          "identity_schema_version": 0,
          "private": "eyJlMmJmYjczMC1lY2FhLTExZTYtOGY4OC0zNDM2M2JjN2M0YzAiOnsiY3JlYXRlIjozNjAwMDAwMDAwMDAwLCJkZWxldGUiOjM2MDAwMDAwMDAwMDAsInVwZGF0ZSI6MzYwMDAwMDAwMDAwMH19",
          "dependencies": [
            "data.archive_file.source_zip",
            "google_bigquery_dataset.ais_gold_warehouse",
            "google_bigquery_table.ais_obt",
            "google_project_service.required_apis",
            "google_storage_bucket.ais_bronze_layer",
            "google_storage_bucket_object.source_archive_object"
          ]
        }
      ]
    },
    {
      "mode": "managed",
      "type": "google_project_iam_member",
      "name": "bigquery_data_editor",
      "provider": "provider[\"registry.terraform.io/hashicorp/google\"]",
      "instances": [
        {
          "schema_version": 0,
          "attributes": {
            "condition": [],
            "etag": "BwY3p7oNIQA=",
            "id": "aispipeline/roles/bigquery.dataEditor/serviceAccount:330276584509@cloudservices.gserviceaccount.com",
            "member": "serviceAccount:330276584509@cloudservices.gserviceaccount.com",
            "project": "aispipeline",
            "role": "roles/bigquery.dataEditor"
          },
          "sensitive_attributes": [],
          "identity_schema_version": 0,
          "private": "bnVsbA==",
          "dependencies": [
            "data.google_project.project"
          ]
        }
      ]
    },
    {
      "mode": "managed",
      "type": "google_project_iam_member",
      "name": "bigquery_job_user",
      "provider": "provider[\"registry.terraform.io/hashicorp/google\"]",
      "instances": [
        {
          "schema_version": 0,
          "attributes": {
            "condition": [],
            "etag": "BwY3p7oNIQA=",
            "id": "aispipeline/roles/bigquery.jobUser/serviceAccount:330276584509@cloudservices.gserviceaccount.com",
            "member": "serviceAccount:330276584509@cloudservices.gserviceaccount.com",
            "project": "aispipeline",
            "role": "roles/bigquery.jobUser"
          },
          "sensitive_attributes": [],
          "identity_schema_version": 0,
          "private": "bnVsbA==",
          "dependencies": [
            "data.google_project.project"
          ]
        }
      ]
    },
    {
      "mode": "managed",
      "type": "google_project_service",
      "name": "required_apis",
      "provider": "provider[\"registry.terraform.io/hashicorp/google\"]",
      "instances": [
        {
          "index_key": "cloudbuild.googleapis.com",
          "schema_version": 0,
          "attributes": {
            "disable_dependent_services": false,
            "disable_on_destroy": false,
            "id": "aispipeline/cloudbuild.googleapis.com",
            "project": "aispipeline",
            "service": "cloudbuild.googleapis.com",
            "timeouts": null
          },
          "sensitive_attributes": [],
          "identity_schema_version": 0,
          "private": "eyJlMmJmYjczMC1lY2FhLTExZTYtOGY4OC0zNDM2M2JjN2M0YzAiOnsiY3JlYXRlIjoxMjAwMDAwMDAwMDAwLCJkZWxldGUiOjEyMDAwMDAwMDAwMDAsInJlYWQiOjYwMDAwMDAwMDAwMCwidXBkYXRlIjoxMjAwMDAwMDAwMDAwfX0="
        },
        {
          "index_key": "cloudfunctions.googleapis.com",
          "schema_version": 0,
          "attributes": {
            "disable_dependent_services": false,
            "disable_on_destroy": false,
            "id": "aispipeline/cloudfunctions.googleapis.com",
            "project": "aispipeline",
            "service": "cloudfunctions.googleapis.com",
            "timeouts": null
          },
          "sensitive_attributes": [],
          "identity_schema_version": 0,
          "private": "eyJlMmJmYjczMC1lY2FhLTExZTYtOGY4OC0zNDM2M2JjN2M0YzAiOnsiY3JlYXRlIjoxMjAwMDAwMDAwMDAwLCJkZWxldGUiOjEyMDAwMDAwMDAwMDAsInJlYWQiOjYwMDAwMDAwMDAwMCwidXBkYXRlIjoxMjAwMDAwMDAwMDAwfX0="
        },
        {
          "index_key": "cloudresourcemanager.googleapis.com",
          "schema_version": 0,
          "attributes": {
            "disable_dependent_services": false,
            "disable_on_destroy": false,
            "id": "aispipeline/cloudresourcemanager.googleapis.com",
            "project": "aispipeline",
            "service": "cloudresourcemanager.googleapis.com",
            "timeouts": null
          },
          "sensitive_attributes": [],
          "identity_schema_version": 0,
          "private": "eyJlMmJmYjczMC1lY2FhLTExZTYtOGY4OC0zNDM2M2JjN2M0YzAiOnsiY3JlYXRlIjoxMjAwMDAwMDAwMDAwLCJkZWxldGUiOjEyMDAwMDAwMDAwMDAsInJlYWQiOjYwMDAwMDAwMDAwMCwidXBkYXRlIjoxMjAwMDAwMDAwMDAwfX0="
        },
        {
          "index_key": "iam.googleapis.com",
          "schema_version": 0,
          "attributes": {
            "disable_dependent_services": false,
            "disable_on_destroy": false,
            "id": "aispipeline/iam.googleapis.com",
            "project": "aispipeline",
            "service": "iam.googleapis.com",
            "timeouts": null
          },
          "sensitive_attributes": [],
          "identity_schema_version": 0,
          "private": "eyJlMmJmYjczMC1lY2FhLTExZTYtOGY4OC0zNDM2M2JjN2M0YzAiOnsiY3JlYXRlIjoxMjAwMDAwMDAwMDAwLCJkZWxldGUiOjEyMDAwMDAwMDAwMDAsInJlYWQiOjYwMDAwMDAwMDAwMCwidXBkYXRlIjoxMjAwMDAwMDAwMDAwfX0="
        },
        {
          "index_key": "run.googleapis.com",
          "schema_version": 0,
          "attributes": {
            "disable_dependent_services": false,
            "disable_on_destroy": false,
            "id": "aispipeline/run.googleapis.com",
            "project": "aispipeline",
            "service": "run.googleapis.com",
            "timeouts": null
          },
          "sensitive_attributes": [],
          "identity_schema_version": 0,
          "private": "eyJlMmJmYjczMC1lY2FhLTExZTYtOGY4OC0zNDM2M2JjN2M0YzAiOnsiY3JlYXRlIjoxMjAwMDAwMDAwMDAwLCJkZWxldGUiOjEyMDAwMDAwMDAwMDAsInJlYWQiOjYwMDAwMDAwMDAwMCwidXBkYXRlIjoxMjAwMDAwMDAwMDAwfX0="
        }
      ]
    },
    {
      "mode": "managed",
      "type": "google_storage_bucket",
      "name": "ais_bronze_layer",
      "provider": "provider[\"registry.terraform.io/hashicorp/google\"]",
      "instances": [
        {
          "schema_version": 3,
          "attributes": {
            "autoclass": [],
            "cors": [],
            "custom_placement_config": [],
            "default_event_based_hold": false,
            "effective_labels": {
              "goog-terraform-provisioned": "true"
            },
            "enable_object_retention": false,
            "encryption": [],
            "force_destroy": false,
            "id": "ais_bronze_layer_01",
            "labels": {},
            "lifecycle_rule": [
              {
                "action": [
                  {
                    "storage_class": "ARCHIVE",
                    "type": "SetStorageClass"
                  }
                ],
                "condition": [
                  {
                    "age": 1,
                    "created_before": "",
                    "custom_time_before": "",
                    "days_since_custom_time": 0,
                    "days_since_noncurrent_time": 0,
                    "matches_prefix": [],
                    "matches_storage_class": [],
                    "matches_suffix": [],
                    "noncurrent_time_before": "",
                    "num_newer_versions": 0,
                    "send_age_if_zero": false,
                    "send_days_since_custom_time_if_zero": false,
                    "send_days_since_noncurrent_time_if_zero": false,
                    "send_num_newer_versions_if_zero": false,
                    "with_state": "ANY"
                  }
                ]
              }
            ],
            "location": "US-EAST1",
            "logging": [],
            "name": "ais_bronze_layer_01",
            "project": "aispipeline",
            "project_number": 330276584509,
            "public_access_prevention": "inherited",
            "requester_pays": false,
            "retention_policy": [],
            "rpo": null,
            "self_link": "https://www.googleapis.com/storage/v1/b/ais_bronze_layer_01",
            "soft_delete_policy": [
              {
                "effective_time": "2025-06-15T14:40:33.348Z",
                "retention_duration_seconds": 604800
              }
            ],
            "storage_class": "STANDARD",
            "terraform_labels": {
              "goog-terraform-provisioned": "true"
            },
            "timeouts": null,
            "uniform_bucket_level_access": true,
            "url": "gs://ais_bronze_layer_01",
            "versioning": [],
            "website": []
          },
          "sensitive_attributes": [],
          "identity_schema_version": 0,
          "private": "eyJlMmJmYjczMC1lY2FhLTExZTYtOGY4OC0zNDM2M2JjN2M0YzAiOnsiY3JlYXRlIjo2MDAwMDAwMDAwMDAsInJlYWQiOjI0MDAwMDAwMDAwMCwidXBkYXRlIjoyNDAwMDAwMDAwMDB9LCJzY2hlbWFfdmVyc2lvbiI6IjMifQ=="
        }
      ]
    },
    {
      "mode": "managed",
      "type": "google_storage_bucket_iam_member",
      "name": "gcs_object_admin",
      "provider": "provider[\"registry.terraform.io/hashicorp/google\"]",
      "instances": [
        {
          "schema_version": 0,
          "attributes": {
            "bucket": "b/ais_bronze_layer_01",
            "condition": [],
            "etag": "CAI=",
            "id": "b/ais_bronze_layer_01/roles/storage.objectAdmin/serviceAccount:330276584509@cloudservices.gserviceaccount.com",
            "member": "serviceAccount:330276584509@cloudservices.gserviceaccount.com",
            "role": "roles/storage.objectAdmin"
          },
          "sensitive_attributes": [],
          "identity_schema_version": 0,
          "private": "bnVsbA==",
          "dependencies": [
            "data.google_project.project",
            "google_storage_bucket.ais_bronze_layer"
          ]
        }
      ]
    },
    {
      "mode": "managed",
      "type": "google_storage_bucket_object",
      "name": "source_archive_object",
      "provider": "provider[\"registry.terraform.io/hashicorp/google\"]",
      "instances": [
        {
          "schema_version": 0,
          "attributes": {
            "bucket": "ais_bronze_layer_01",
            "cache_control": "",
            "content": null,
            "content_disposition": "",
            "content_encoding": "",
            "content_language": "",
            "content_type": "application/zip",
            "crc32c": "wwZeLQ==",
            "customer_encryption": [],
            "detect_md5hash": "ZJHMJEUy6dWi2c4IazDd7g==",
            "event_based_hold": false,
            "generation": 1750044863188365,
            "id": "ais_bronze_layer_01-source-code.zip",
            "kms_key_name": "",
            "md5hash": "ZJHMJEUy6dWi2c4IazDd7g==",
            "media_link": "https://storage.googleapis.com/download/storage/v1/b/ais_bronze_layer_01/o/source-code.zip?generation=1750044863188365\u0026alt=media",
            "metadata": {},
            "name": "source-code.zip",
            "output_name": "source-code.zip",
            "retention": [],
            "self_link": "https://www.googleapis.com/storage/v1/b/ais_bronze_layer_01/o/source-code.zip",
            "source": "./source.zip",
            "storage_class": "STANDARD",
            "temporary_hold": false,
            "timeouts": null
          },
          "sensitive_attributes": [
            [
              {
                "type": "get_attr",
                "value": "content"
              }
            ]
          ],
          "identity_schema_version": 0,
          "private": "eyJlMmJmYjczMC1lY2FhLTExZTYtOGY4OC0zNDM2M2JjN2M0YzAiOnsiY3JlYXRlIjoyNDAwMDAwMDAwMDAsImRlbGV0ZSI6MjQwMDAwMDAwMDAwLCJ1cGRhdGUiOjI0MDAwMDAwMDAwMH19",
          "dependencies": [
            "data.archive_file.source_zip",
            "google_storage_bucket.ais_bronze_layer"
          ]
        }
      ]
    }
  ],
  "check_results": null
}
